<?xml version="1.0" encoding="utf-8"?>
<Project ToolsVersion="4.0" xmlns="http://schemas.microsoft.com/developer/msbuild/2003">
  <ItemGroup>
    <ClCompile Include="LexerTests.h">
      <Filter>Frontend</Filter>
    </ClCompile>
    <ClCompile Include="LexerTests.cpp">
      <Filter>Frontend</Filter>
    </ClCompile>
    <ClCompile Include="..\C--\AssignmentExpression.cpp">
      <Filter>Dependencies</Filter>
    </ClCompile>
    <ClCompile Include="..\C--\BadExpression.cpp">
      <Filter>Dependencies</Filter>
    </ClCompile>
    <ClCompile Include="..\C--\BinaryExpression.cpp">
      <Filter>Dependencies</Filter>
    </ClCompile>
    <ClCompile Include="..\C--\Binder.cpp">
      <Filter>Dependencies</Filter>
    </ClCompile>
    <ClCompile Include="..\C--\BoundAssignmentExpression.cpp">
      <Filter>Dependencies</Filter>
    </ClCompile>
    <ClCompile Include="..\C--\BoundBinaryExpression.cpp">
      <Filter>Dependencies</Filter>
    </ClCompile>
    <ClCompile Include="..\C--\BoundBinaryOperator.cpp">
      <Filter>Dependencies</Filter>
    </ClCompile>
    <ClCompile Include="..\C--\BoundExpression.cpp">
      <Filter>Dependencies</Filter>
    </ClCompile>
    <ClCompile Include="..\C--\BoundLiteralExpression.cpp">
      <Filter>Dependencies</Filter>
    </ClCompile>
    <ClCompile Include="..\C--\BoundUnaryExpression.cpp">
      <Filter>Dependencies</Filter>
    </ClCompile>
    <ClCompile Include="..\C--\BoundUnaryOperator.cpp">
      <Filter>Dependencies</Filter>
    </ClCompile>
    <ClCompile Include="..\C--\BoundVariableExpression.cpp">
      <Filter>Dependencies</Filter>
    </ClCompile>
    <ClCompile Include="..\C--\Compilation.cpp">
      <Filter>Dependencies</Filter>
    </ClCompile>
    <ClCompile Include="..\C--\Diagnostic.cpp">
      <Filter>Dependencies</Filter>
    </ClCompile>
    <ClCompile Include="..\C--\DiagnosticBag.cpp">
      <Filter>Dependencies</Filter>
    </ClCompile>
    <ClCompile Include="..\C--\EvaluationResult.cpp">
      <Filter>Dependencies</Filter>
    </ClCompile>
    <ClCompile Include="..\C--\Evaluator.cpp">
      <Filter>Dependencies</Filter>
    </ClCompile>
    <ClCompile Include="..\C--\Expression.cpp">
      <Filter>Dependencies</Filter>
    </ClCompile>
    <ClCompile Include="..\C--\ExpressionTree.cpp">
      <Filter>Dependencies</Filter>
    </ClCompile>
    <ClCompile Include="..\C--\Lexer.cpp">
      <Filter>Dependencies</Filter>
    </ClCompile>
    <ClCompile Include="..\C--\LiteralExpression.cpp">
      <Filter>Dependencies</Filter>
    </ClCompile>
    <ClCompile Include="..\C--\NameExpression.cpp">
      <Filter>Dependencies</Filter>
    </ClCompile>
    <ClCompile Include="..\C--\ParenthesizedExpression.cpp">
      <Filter>Dependencies</Filter>
    </ClCompile>
    <ClCompile Include="..\C--\Parser.cpp">
      <Filter>Dependencies</Filter>
    </ClCompile>
    <ClCompile Include="..\C--\ParserRules.cpp">
      <Filter>Dependencies</Filter>
    </ClCompile>
    <ClCompile Include="..\C--\TextSpan.cpp">
      <Filter>Dependencies</Filter>
    </ClCompile>
    <ClCompile Include="..\C--\Token.cpp">
      <Filter>Dependencies</Filter>
    </ClCompile>
    <ClCompile Include="..\C--\UnaryExpression.cpp">
      <Filter>Dependencies</Filter>
    </ClCompile>
    <ClCompile Include="..\C--\Utilities.cpp">
      <Filter>Dependencies</Filter>
    </ClCompile>
    <ClCompile Include="..\C--\VariableSymbol.cpp">
      <Filter>Dependencies</Filter>
    </ClCompile>
    <ClCompile Include="test.cpp" />
  </ItemGroup>
  <ItemGroup>
    <Filter Include="Frontend">
      <UniqueIdentifier>{3aa7af9e-992f-48f0-83ed-3f137c66f7b5}</UniqueIdentifier>
    </Filter>
    <Filter Include="Dependencies">
      <UniqueIdentifier>{a9c7deea-75ed-4849-b703-d0aa272272aa}</UniqueIdentifier>
    </Filter>
  </ItemGroup>
  <ItemGroup>
    <None Include="packages.config" />
  </ItemGroup>
</Project>